// !$*UTF8*$!
{
	archiveVersion = 1;
	classes = {
	};
	objectVersion = 77;
	objects = {

/* Begin PBXBuildFile section */
		0446BDC408A13B0B8292518B /* Store.swift in Sources */ = {isa = PBXBuildFile; fileRef = 641B3344CC909360BC124EAE /* Store.swift */; };
		1933A2FEFD601646C43C150D /* StartSessionView.swift in Sources */ = {isa = PBXBuildFile; fileRef = 6B35A99023DEBE37F2793C42 /* StartSessionView.swift */; };
		1DC6A7FA33E093AF5429FB46 /* Palette.swift in Sources */ = {isa = PBXBuildFile; fileRef = 88E80C59C526FD8F076C8631 /* Palette.swift */; };
		1FA9BD94F48C849F9620D1C5 /* SwiftUI.framework in Frameworks */ = {isa = PBXBuildFile; fileRef = 2AC76F4F84DFB2735C36B05D /* SwiftUI.framework */; };
		220B4DD104081A41902A4345 /* SettingsView.swift in Sources */ = {isa = PBXBuildFile; fileRef = 5464C95A261B9378324BAD28 /* SettingsView.swift */; };
		2222A039519EC792FE336A66 /* LockedMonitor.appex in Embed Foundation Extensions */ = {isa = PBXBuildFile; fileRef = CB52E8A1A837955A4A7D8DFE /* LockedMonitor.appex */; settings = {ATTRIBUTES = (RemoveHeadersOnCopy, ); }; };
		229AA615F637FF1533D8C702 /* Components.swift in Sources */ = {isa = PBXBuildFile; fileRef = F54E1DF886E2636738DBA561 /* Components.swift */; };
		27E70A18D7FBAB6701F8A1BE /* WidgetKit.framework in Frameworks */ = {isa = PBXBuildFile; fileRef = BBB49EF4436DC469D3587C7D /* WidgetKit.framework */; };
		30CB99345D93474C824F2276 /* OrbitBridge.swift in Sources */ = {isa = PBXBuildFile; fileRef = 93459C34671E0E000958532E /* OrbitBridge.swift */; };
		34E47BA36739894AE9BB42F2 /* ActivityKit.framework in Frameworks */ = {isa = PBXBuildFile; fileRef = 8570A40C8E754E208DAA81EE /* ActivityKit.framework */; };
		383F59CB919304E7489F7CE5 /* ManagedSettingsUI.framework in Frameworks */ = {isa = PBXBuildFile; fileRef = 77F96E80ACEE7BF5D60E4F8F /* ManagedSettingsUI.framework */; };
		38AB8708DC3A8851443243BC /* LockedWidgets.appex in Embed Foundation Extensions */ = {isa = PBXBuildFile; fileRef = DDF3D2EAE99270B379F55C2C /* LockedWidgets.appex */; settings = {ATTRIBUTES = (RemoveHeadersOnCopy, ); }; };
		400B231C4F3E870C520AD05E /* LockedActivity.swift in Sources */ = {isa = PBXBuildFile; fileRef = 77B626FA10BCD2A6B013ADE7 /* LockedActivity.swift */; };
		4A559837A9EE232C209F7602 /* DeviceActivity.framework in Frameworks */ = {isa = PBXBuildFile; fileRef = F4AC8FEF912182067798C4A0 /* DeviceActivity.framework */; };
		4DDB45C76ED20C2FFFB491F9 /* FamilyControls.framework in Frameworks */ = {isa = PBXBuildFile; fileRef = 60B8B5CFE75DC4C160478F13 /* FamilyControls.framework */; };
		4FDD04D1B582AB30634CD179 /* ManagedSettings.framework in Frameworks */ = {isa = PBXBuildFile; fileRef = 96A7298673CA7BC9F049A2C0 /* ManagedSettings.framework */; };
		5379EC29FDB4F7BCFDBF95DA /* OrbitBridgeTests.swift in Sources */ = {isa = PBXBuildFile; fileRef = 867CEB8A2606C8FD0B2FD0EB /* OrbitBridgeTests.swift */; };
		5578338933D8E6D5E07B21EE /* Assets.xcassets in Resources */ = {isa = PBXBuildFile; fileRef = 4A858FBA5D3CB32059055B88 /* Assets.xcassets */; };
		561E79961CCBB8901E3A3ACA /* FeedView.swift in Sources */ = {isa = PBXBuildFile; fileRef = ECB5C6CDBE854E1443BB1CA3 /* FeedView.swift */; };
		56B1E99AAB42483E40BEE4C0 /* RootView.swift in Sources */ = {isa = PBXBuildFile; fileRef = 282418E01A087EDF909E8321 /* RootView.swift */; };
		5883BB85FE97BD9E0A919474 /* LockedView.swift in Sources */ = {isa = PBXBuildFile; fileRef = 25B5CAFCB2E204C57196448D /* LockedView.swift */; };
		58E07B408C3D043CB45BD180 /* TodayView.swift in Sources */ = {isa = PBXBuildFile; fileRef = E4BAA2B6CCF93F76ECB38D73 /* TodayView.swift */; };
		5D27D87565EC43E0964FB1DA /* ModelTests.swift in Sources */ = {isa = PBXBuildFile; fileRef = 726BBBEE8C16C627B8507C58 /* ModelTests.swift */; };
		5FD874548767A6562513F662 /* PrivacyInfo.xcprivacy in Resources */ = {isa = PBXBuildFile; fileRef = 1AF1AF95A5045B9460541F0C /* PrivacyInfo.xcprivacy */; };
		60214513759AC30CE68069DA /* Theme.swift in Sources */ = {isa = PBXBuildFile; fileRef = 451B5C21EA24C563A3721BBD /* Theme.swift */; };
		66A84A1FE11A273EEAA4B775 /* LockedWidgetBundle.swift in Sources */ = {isa = PBXBuildFile; fileRef = 2DADCA45C52579D48297C3B3 /* LockedWidgetBundle.swift */; };
		6B3FAD12D50374355457430F /* LockedShared.swift in Sources */ = {isa = PBXBuildFile; fileRef = AACD5C25D8F6D8F186AEDA82 /* LockedShared.swift */; };
		73AC1AB88D3950AF106AC66A /* DeviceActivityMonitorExtension.swift in Sources */ = {isa = PBXBuildFile; fileRef = D563C36762ECBB9F603C5532 /* DeviceActivityMonitorExtension.swift */; };
		74FB05232D6464951DCF079D /* PodService.swift in Sources */ = {isa = PBXBuildFile; fileRef = 603E51E4575AA09BE15F3216 /* PodService.swift */; };
		78AF86E7452A7D76F4F740C3 /* LockedActivity.swift in Sources */ = {isa = PBXBuildFile; fileRef = 77B626FA10BCD2A6B013ADE7 /* LockedActivity.swift */; };
		78CCD4561B541235A7AF24A2 /* StandingsView.swift in Sources */ = {isa = PBXBuildFile; fileRef = 01272228C0DD74D96ADEE296 /* StandingsView.swift */; };
		796B8A5B946A3948AE8C9C07 /* Blocking.swift in Sources */ = {isa = PBXBuildFile; fileRef = 16DF8609606754845750A0FD /* Blocking.swift */; };
		7EE102DB91128A8539E4EF0A /* PushRegistrar.swift in Sources */ = {isa = PBXBuildFile; fileRef = 3F7EADEDDB6BEDDF30BBB664 /* PushRegistrar.swift */; };
		8D6A781E64B50D663A0DC180 /* LockedShared.swift in Sources */ = {isa = PBXBuildFile; fileRef = AACD5C25D8F6D8F186AEDA82 /* LockedShared.swift */; };
		8DADC3193CE9613815F910B9 /* Palette.swift in Sources */ = {isa = PBXBuildFile; fileRef = 88E80C59C526FD8F076C8631 /* Palette.swift */; };
		91FE6AC768F88A80CB99BC84 /* LockedApp.swift in Sources */ = {isa = PBXBuildFile; fileRef = F64E63C86A7C17001D806C40 /* LockedApp.swift */; };
		93C0A67BFCB99C3D1E5F1C00 /* LockedShield.appex in Embed Foundation Extensions */ = {isa = PBXBuildFile; fileRef = 4F4C2BDEF28E405B1D30029E /* LockedShield.appex */; settings = {ATTRIBUTES = (RemoveHeadersOnCopy, ); }; };
		9868929957FA28B6169276F5 /* ShieldConfigurationExtension.swift in Sources */ = {isa = PBXBuildFile; fileRef = FC0641EC4148F468F11100D8 /* ShieldConfigurationExtension.swift */; };
		9B36CE2E2EADD74852556792 /* ActivityKit.framework in Frameworks */ = {isa = PBXBuildFile; fileRef = 8570A40C8E754E208DAA81EE /* ActivityKit.framework */; };
		9E13FB58C3351A0C895CA04A /* Palette.swift in Sources */ = {isa = PBXBuildFile; fileRef = 88E80C59C526FD8F076C8631 /* Palette.swift */; };
		A5246081291207C9C48406D8 /* Palette.swift in Sources */ = {isa = PBXBuildFile; fileRef = 88E80C59C526FD8F076C8631 /* Palette.swift */; };
		A5415324AEC0D33F65A26FBD /* OrbitLink.swift in Sources */ = {isa = PBXBuildFile; fileRef = 343742C139EE8DDD66D27C4C /* OrbitLink.swift */; };
		B4D229719E8942731549DAEC /* Haptics.swift in Sources */ = {isa = PBXBuildFile; fileRef = 76332E7F463EB739FC405F70 /* Haptics.swift */; };
		B855100CCC43C2FE89F540C8 /* ManagedSettings.framework in Frameworks */ = {isa = PBXBuildFile; fileRef = 96A7298673CA7BC9F049A2C0 /* ManagedSettings.framework */; };
		C1EA6864D8B6BDC0A263B22B /* Models.swift in Sources */ = {isa = PBXBuildFile; fileRef = 81B668CE209498BEB508CB9C /* Models.swift */; };
		C4E858BAED431244785943F9 /* IncomingRequestView.swift in Sources */ = {isa = PBXBuildFile; fileRef = 48DCBC4EBD4494EB1F718BFE /* IncomingRequestView.swift */; };
		C7E645EDFB57DE8528169FC0 /* DeviceActivity.framework in Frameworks */ = {isa = PBXBuildFile; fileRef = F4AC8FEF912182067798C4A0 /* DeviceActivity.framework */; };
		CBF3AEE69631ACB9A2151FDB /* Notifications.swift in Sources */ = {isa = PBXBuildFile; fileRef = 1A2B4B20593024B88AAE7ADC /* Notifications.swift */; };
		DAEBC00C6C9AAE8C9ED8490E /* PushHandlingTests.swift in Sources */ = {isa = PBXBuildFile; fileRef = B7968F8C126B3A8999F13E0C /* PushHandlingTests.swift */; };
		E5D4ECD278108C0ECF207F6E /* ManagedSettings.framework in Frameworks */ = {isa = PBXBuildFile; fileRef = 96A7298673CA7BC9F049A2C0 /* ManagedSettings.framework */; };
		EAEB0C2C9773C3227DCA6B15 /* AppStateTests.swift in Sources */ = {isa = PBXBuildFile; fileRef = 963D776EF27C4AC00CA83D82 /* AppStateTests.swift */; };
		F2FFBB4D18419D97E201746A /* LiveActivityController.swift in Sources */ = {isa = PBXBuildFile; fileRef = 23EF283C601DC5170713E632 /* LiveActivityController.swift */; };
		F347B1C6A49ACF540A691908 /* FamilyControls.framework in Frameworks */ = {isa = PBXBuildFile; fileRef = 60B8B5CFE75DC4C160478F13 /* FamilyControls.framework */; };
		F5918440537DF8D3520F91B9 /* OnboardingView.swift in Sources */ = {isa = PBXBuildFile; fileRef = 56921F87E88407E4749457EF /* OnboardingView.swift */; };
		F5CD6D0C368C46A16BD6DBE5 /* LockedShared.swift in Sources */ = {isa = PBXBuildFile; fileRef = AACD5C25D8F6D8F186AEDA82 /* LockedShared.swift */; };
		F676E9963B9FC0CBD8EFF1EF /* LockedShared.swift in Sources */ = {isa = PBXBuildFile; fileRef = AACD5C25D8F6D8F186AEDA82 /* LockedShared.swift */; };
/* End PBXBuildFile section */

/* Begin PBXContainerItemProxy section */
		0F5ABC8514299C16673C61AC /* PBXContainerItemProxy */ = {
			isa = PBXContainerItemProxy;
			containerPortal = 68A5F27B8CFBFEFF83E4411C /* Project object */;
			proxyType = 1;
			remoteGlobalIDString = A12144FF56161A806ABAF676;
			remoteInfo = Locked;
		};
		93113D7E0320AC6A2B53AA9F /* PBXContainerItemProxy */ = {
			isa = PBXContainerItemProxy;
			containerPortal = 68A5F27B8CFBFEFF83E4411C /* Project object */;
			proxyType = 1;
			remoteGlobalIDString = 2152ACE164C62EF02457E093;
			remoteInfo = LockedShield;
		};
		CFBDF749DC845C007C1D6212 /* PBXContainerItemProxy */ = {
			isa = PBXContainerItemProxy;
			containerPortal = 68A5F27B8CFBFEFF83E4411C /* Project object */;
			proxyType = 1;
			remoteGlobalIDString = 6358250DAB04E3EFFE647BF6;
			remoteInfo = LockedWidgets;
		};
		FC312446A9A9DBADFCF9C2F4 /* PBXContainerItemProxy */ = {
			isa = PBXContainerItemProxy;
			containerPortal = 68A5F27B8CFBFEFF83E4411C /* Project object */;
			proxyType = 1;
			remoteGlobalIDString = F9D0352DFE92431EE59436CC;
			remoteInfo = LockedMonitor;
		};
/* End PBXContainerItemProxy section */

/* Begin PBXCopyFilesBuildPhase section */
		063DCF0AA7CF9048A4D09827 /* Embed Foundation Extensions */ = {
			isa = PBXCopyFilesBuildPhase;
			buildActionMask = 2147483647;
			dstPath = "";
			dstSubfolderSpec = 13;
			files = (
				38AB8708DC3A8851443243BC /* LockedWidgets.appex in Embed Foundation Extensions */,
				2222A039519EC792FE336A66 /* LockedMonitor.appex in Embed Foundation Extensions */,
				93C0A67BFCB99C3D1E5F1C00 /* LockedShield.appex in Embed Foundation Extensions */,
			);
			name = "Embed Foundation Extensions";
			runOnlyForDeploymentPostprocessing = 0;
		};
/* End PBXCopyFilesBuildPhase section */

/* Begin PBXFileReference section */
		01272228C0DD74D96ADEE296 /* StandingsView.swift */ = {isa = PBXFileReference; lastKnownFileType = sourcecode.swift; path = StandingsView.swift; sourceTree = "<group>"; };
		02D3BD716F3E72158F973087 /* LockedShield.entitlements */ = {isa = PBXFileReference; lastKnownFileType = text.plist.entitlements; path = LockedShield.entitlements; sourceTree = "<group>"; };
		062FBD5271BD168718354AFB /* LockedShield-Distribution.entitlements */ = {isa = PBXFileReference; lastKnownFileType = text.plist.entitlements; path = "LockedShield-Distribution.entitlements"; sourceTree = "<group>"; };
		16DF8609606754845750A0FD /* Blocking.swift */ = {isa = PBXFileReference; lastKnownFileType = sourcecode.swift; path = Blocking.swift; sourceTree = "<group>"; };
		1A2B4B20593024B88AAE7ADC /* Notifications.swift */ = {isa = PBXFileReference; lastKnownFileType = sourcecode.swift; path = Notifications.swift; sourceTree = "<group>"; };
		1AF1AF95A5045B9460541F0C /* PrivacyInfo.xcprivacy */ = {isa = PBXFileReference; path = PrivacyInfo.xcprivacy; sourceTree = "<group>"; };
		22D8DA6E9FD71063105C0855 /* Locked.entitlements */ = {isa = PBXFileReference; lastKnownFileType = text.plist.entitlements; path = Locked.entitlements; sourceTree = "<group>"; };
		23EF283C601DC5170713E632 /* LiveActivityController.swift */ = {isa = PBXFileReference; lastKnownFileType = sourcecode.swift; path = LiveActivityController.swift; sourceTree = "<group>"; };
		25B5CAFCB2E204C57196448D /* LockedView.swift */ = {isa = PBXFileReference; lastKnownFileType = sourcecode.swift; path = LockedView.swift; sourceTree = "<group>"; };
		282418E01A087EDF909E8321 /* RootView.swift */ = {isa = PBXFileReference; lastKnownFileType = sourcecode.swift; path = RootView.swift; sourceTree = "<group>"; };
		2AC76F4F84DFB2735C36B05D /* SwiftUI.framework */ = {isa = PBXFileReference; lastKnownFileType = wrapper.framework; name = SwiftUI.framework; path = System/Library/Frameworks/SwiftUI.framework; sourceTree = SDKROOT; };
		2DADCA45C52579D48297C3B3 /* LockedWidgetBundle.swift */ = {isa = PBXFileReference; lastKnownFileType = sourcecode.swift; path = LockedWidgetBundle.swift; sourceTree = "<group>"; };
		2E957AD131F0F4EE94BD52A3 /* LockedTests.xctest */ = {isa = PBXFileReference; includeInIndex = 0; lastKnownFileType = wrapper.cfbundle; path = LockedTests.xctest; sourceTree = BUILT_PRODUCTS_DIR; };
		343742C139EE8DDD66D27C4C /* OrbitLink.swift */ = {isa = PBXFileReference; lastKnownFileType = sourcecode.swift; path = OrbitLink.swift; sourceTree = "<group>"; };
		3F7EADEDDB6BEDDF30BBB664 /* PushRegistrar.swift */ = {isa = PBXFileReference; lastKnownFileType = sourcecode.swift; path = PushRegistrar.swift; sourceTree = "<group>"; };
		451B5C21EA24C563A3721BBD /* Theme.swift */ = {isa = PBXFileReference; lastKnownFileType = sourcecode.swift; path = Theme.swift; sourceTree = "<group>"; };
		4537F4EFB6B4CAC41C26A1E9 /* Info.plist */ = {isa = PBXFileReference; lastKnownFileType = text.plist; path = Info.plist; sourceTree = "<group>"; };
		48DCBC4EBD4494EB1F718BFE /* IncomingRequestView.swift */ = {isa = PBXFileReference; lastKnownFileType = sourcecode.swift; path = IncomingRequestView.swift; sourceTree = "<group>"; };
		4A858FBA5D3CB32059055B88 /* Assets.xcassets */ = {isa = PBXFileReference; lastKnownFileType = folder.assetcatalog; path = Assets.xcassets; sourceTree = "<group>"; };
		4F4C2BDEF28E405B1D30029E /* LockedShield.appex */ = {isa = PBXFileReference; includeInIndex = 0; lastKnownFileType = "wrapper.app-extension"; path = LockedShield.appex; sourceTree = BUILT_PRODUCTS_DIR; };
		5464C95A261B9378324BAD28 /* SettingsView.swift */ = {isa = PBXFileReference; lastKnownFileType = sourcecode.swift; path = SettingsView.swift; sourceTree = "<group>"; };
		56921F87E88407E4749457EF /* OnboardingView.swift */ = {isa = PBXFileReference; lastKnownFileType = sourcecode.swift; path = OnboardingView.swift; sourceTree = "<group>"; };
		603E51E4575AA09BE15F3216 /* PodService.swift */ = {isa = PBXFileReference; lastKnownFileType = sourcecode.swift; path = PodService.swift; sourceTree = "<group>"; };
		60B8B5CFE75DC4C160478F13 /* FamilyControls.framework */ = {isa = PBXFileReference; lastKnownFileType = wrapper.framework; name = FamilyControls.framework; path = System/Library/Frameworks/FamilyControls.framework; sourceTree = SDKROOT; };
		62AC55F0CF9E283619599B56 /* LockedMonitor.entitlements */ = {isa = PBXFileReference; lastKnownFileType = text.plist.entitlements; path = LockedMonitor.entitlements; sourceTree = "<group>"; };
		641B3344CC909360BC124EAE /* Store.swift */ = {isa = PBXFileReference; lastKnownFileType = sourcecode.swift; path = Store.swift; sourceTree = "<group>"; };
		6B35A99023DEBE37F2793C42 /* StartSessionView.swift */ = {isa = PBXFileReference; lastKnownFileType = sourcecode.swift; path = StartSessionView.swift; sourceTree = "<group>"; };
		726BBBEE8C16C627B8507C58 /* ModelTests.swift */ = {isa = PBXFileReference; lastKnownFileType = sourcecode.swift; path = ModelTests.swift; sourceTree = "<group>"; };
		76332E7F463EB739FC405F70 /* Haptics.swift */ = {isa = PBXFileReference; lastKnownFileType = sourcecode.swift; path = Haptics.swift; sourceTree = "<group>"; };
		77B626FA10BCD2A6B013ADE7 /* LockedActivity.swift */ = {isa = PBXFileReference; lastKnownFileType = sourcecode.swift; path = LockedActivity.swift; sourceTree = "<group>"; };
		77F96E80ACEE7BF5D60E4F8F /* ManagedSettingsUI.framework */ = {isa = PBXFileReference; lastKnownFileType = wrapper.framework; name = ManagedSettingsUI.framework; path = System/Library/Frameworks/ManagedSettingsUI.framework; sourceTree = SDKROOT; };
		81B668CE209498BEB508CB9C /* Models.swift */ = {isa = PBXFileReference; lastKnownFileType = sourcecode.swift; path = Models.swift; sourceTree = "<group>"; };
		833E3454AA5B463E3CD3E093 /* Info.plist */ = {isa = PBXFileReference; lastKnownFileType = text.plist; path = Info.plist; sourceTree = "<group>"; };
		8570A40C8E754E208DAA81EE /* ActivityKit.framework */ = {isa = PBXFileReference; lastKnownFileType = wrapper.framework; name = ActivityKit.framework; path = System/Library/Frameworks/ActivityKit.framework; sourceTree = SDKROOT; };
		867CEB8A2606C8FD0B2FD0EB /* OrbitBridgeTests.swift */ = {isa = PBXFileReference; lastKnownFileType = sourcecode.swift; path = OrbitBridgeTests.swift; sourceTree = "<group>"; };
		88E80C59C526FD8F076C8631 /* Palette.swift */ = {isa = PBXFileReference; lastKnownFileType = sourcecode.swift; path = Palette.swift; sourceTree = "<group>"; };
		8E2BEC2B39F6A155210D0C6D /* LockedWidgets.entitlements */ = {isa = PBXFileReference; lastKnownFileType = text.plist.entitlements; path = LockedWidgets.entitlements; sourceTree = "<group>"; };
		93459C34671E0E000958532E /* OrbitBridge.swift */ = {isa = PBXFileReference; lastKnownFileType = sourcecode.swift; path = OrbitBridge.swift; sourceTree = "<group>"; };
		963D776EF27C4AC00CA83D82 /* AppStateTests.swift */ = {isa = PBXFileReference; lastKnownFileType = sourcecode.swift; path = AppStateTests.swift; sourceTree = "<group>"; };
		96A7298673CA7BC9F049A2C0 /* ManagedSettings.framework */ = {isa = PBXFileReference; lastKnownFileType = wrapper.framework; name = ManagedSettings.framework; path = System/Library/Frameworks/ManagedSettings.framework; sourceTree = SDKROOT; };
		A33B1E395A35E5E0FB177041 /* Info.plist */ = {isa = PBXFileReference; lastKnownFileType = text.plist; path = Info.plist; sourceTree = "<group>"; };
		AACD5C25D8F6D8F186AEDA82 /* LockedShared.swift */ = {isa = PBXFileReference; lastKnownFileType = sourcecode.swift; path = LockedShared.swift; sourceTree = "<group>"; };
		B7968F8C126B3A8999F13E0C /* PushHandlingTests.swift */ = {isa = PBXFileReference; lastKnownFileType = sourcecode.swift; path = PushHandlingTests.swift; sourceTree = "<group>"; };
		BBB49EF4436DC469D3587C7D /* WidgetKit.framework */ = {isa = PBXFileReference; lastKnownFileType = wrapper.framework; name = WidgetKit.framework; path = System/Library/Frameworks/WidgetKit.framework; sourceTree = SDKROOT; };
		CB52E8A1A837955A4A7D8DFE /* LockedMonitor.appex */ = {isa = PBXFileReference; includeInIndex = 0; lastKnownFileType = "wrapper.app-extension"; path = LockedMonitor.appex; sourceTree = BUILT_PRODUCTS_DIR; };
		D563C36762ECBB9F603C5532 /* DeviceActivityMonitorExtension.swift */ = {isa = PBXFileReference; lastKnownFileType = sourcecode.swift; path = DeviceActivityMonitorExtension.swift; sourceTree = "<group>"; };
		DDF3D2EAE99270B379F55C2C /* LockedWidgets.appex */ = {isa = PBXFileReference; includeInIndex = 0; lastKnownFileType = "wrapper.app-extension"; path = LockedWidgets.appex; sourceTree = BUILT_PRODUCTS_DIR; };
		E47C3A458D44F4C1E33E93A6 /* Locked.app */ = {isa = PBXFileReference; includeInIndex = 0; lastKnownFileType = wrapper.application; path = Locked.app; sourceTree = BUILT_PRODUCTS_DIR; };
		E4BAA2B6CCF93F76ECB38D73 /* TodayView.swift */ = {isa = PBXFileReference; lastKnownFileType = sourcecode.swift; path = TodayView.swift; sourceTree = "<group>"; };
		E51434D2C8A0373BC8C0D412 /* LockedMonitor-Distribution.entitlements */ = {isa = PBXFileReference; lastKnownFileType = text.plist.entitlements; path = "LockedMonitor-Distribution.entitlements"; sourceTree = "<group>"; };
		ECB5C6CDBE854E1443BB1CA3 /* FeedView.swift */ = {isa = PBXFileReference; lastKnownFileType = sourcecode.swift; path = FeedView.swift; sourceTree = "<group>"; };
		F2D4F8579F58F882A14270CE /* Info.plist */ = {isa = PBXFileReference; lastKnownFileType = text.plist; path = Info.plist; sourceTree = "<group>"; };
		F4AC8FEF912182067798C4A0 /* DeviceActivity.framework */ = {isa = PBXFileReference; lastKnownFileType = wrapper.framework; name = DeviceActivity.framework; path = System/Library/Frameworks/DeviceActivity.framework; sourceTree = SDKROOT; };
		F54E1DF886E2636738DBA561 /* Components.swift */ = {isa = PBXFileReference; lastKnownFileType = sourcecode.swift; path = Components.swift; sourceTree = "<group>"; };
		F64E63C86A7C17001D806C40 /* LockedApp.swift */ = {isa = PBXFileReference; lastKnownFileType = sourcecode.swift; path = LockedApp.swift; sourceTree = "<group>"; };
		F99753D260C7A63CE8731CFB /* Locked-Distribution.entitlements */ = {isa = PBXFileReference; lastKnownFileType = text.plist.entitlements; path = "Locked-Distribution.entitlements"; sourceTree = "<group>"; };
		FC0641EC4148F468F11100D8 /* ShieldConfigurationExtension.swift */ = {isa = PBXFileReference; lastKnownFileType = sourcecode.swift; path = ShieldConfigurationExtension.swift; sourceTree = "<group>"; };
/* End PBXFileReference section */

/* Begin PBXFrameworksBuildPhase section */
		189EEC6F1BF542AEB202B01F /* Frameworks */ = {
			isa = PBXFrameworksBuildPhase;
			buildActionMask = 2147483647;
			files = (
				4A559837A9EE232C209F7602 /* DeviceActivity.framework in Frameworks */,
				B855100CCC43C2FE89F540C8 /* ManagedSettings.framework in Frameworks */,
				4DDB45C76ED20C2FFFB491F9 /* FamilyControls.framework in Frameworks */,
			);
			runOnlyForDeploymentPostprocessing = 0;
		};
		87ADF7014207FF8AC7C7E9EA /* Frameworks */ = {
			isa = PBXFrameworksBuildPhase;
			buildActionMask = 2147483647;
			files = (
				27E70A18D7FBAB6701F8A1BE /* WidgetKit.framework in Frameworks */,
				1FA9BD94F48C849F9620D1C5 /* SwiftUI.framework in Frameworks */,
				9B36CE2E2EADD74852556792 /* ActivityKit.framework in Frameworks */,
			);
			runOnlyForDeploymentPostprocessing = 0;
		};
		9C4E457685D03EFBA369CB47 /* Frameworks */ = {
			isa = PBXFrameworksBuildPhase;
			buildActionMask = 2147483647;
			files = (
				4FDD04D1B582AB30634CD179 /* ManagedSettings.framework in Frameworks */,
				383F59CB919304E7489F7CE5 /* ManagedSettingsUI.framework in Frameworks */,
			);
			runOnlyForDeploymentPostprocessing = 0;
		};
		C40BE700FFBD82EBA367696F /* Frameworks */ = {
			isa = PBXFrameworksBuildPhase;
			buildActionMask = 2147483647;
			files = (
				34E47BA36739894AE9BB42F2 /* ActivityKit.framework in Frameworks */,
				F347B1C6A49ACF540A691908 /* FamilyControls.framework in Frameworks */,
				E5D4ECD278108C0ECF207F6E /* ManagedSettings.framework in Frameworks */,
				C7E645EDFB57DE8528169FC0 /* DeviceActivity.framework in Frameworks */,
			);
			runOnlyForDeploymentPostprocessing = 0;
		};
/* End PBXFrameworksBuildPhase section */

/* Begin PBXGroup section */
		098D9EF7D2DF300727E3FC5B = {
			isa = PBXGroup;
			children = (
				446A163390C71112E5937F83 /* aaryanpanchal */,
				D8F2C27EA28E46FDD63E2010 /* Locked */,
				957199114C79A9D17DA05933 /* LockedMonitor */,
				85CBECC30C5A8A16ACC851A4 /* LockedShield */,
				365B4019561EF0DEEA87283E /* LockedTests */,
				C03E06581DCD113C87BC5AF8 /* LockedWidgets */,
				13F67881DEE195DB6ECB12DF /* Shared */,
				748EC28A32CB5957B78BE8DA /* Frameworks */,
				1EA8661B8DFCFD2A9BD71D8F /* Products */,
			);
			sourceTree = "<group>";
		};
		13F67881DEE195DB6ECB12DF /* Shared */ = {
			isa = PBXGroup;
			children = (
				77B626FA10BCD2A6B013ADE7 /* LockedActivity.swift */,
				AACD5C25D8F6D8F186AEDA82 /* LockedShared.swift */,
				88E80C59C526FD8F076C8631 /* Palette.swift */,
			);
			path = Shared;
			sourceTree = "<group>";
		};
		1EA8661B8DFCFD2A9BD71D8F /* Products */ = {
			isa = PBXGroup;
			children = (
				E47C3A458D44F4C1E33E93A6 /* Locked.app */,
				CB52E8A1A837955A4A7D8DFE /* LockedMonitor.appex */,
				4F4C2BDEF28E405B1D30029E /* LockedShield.appex */,
				2E957AD131F0F4EE94BD52A3 /* LockedTests.xctest */,
				DDF3D2EAE99270B379F55C2C /* LockedWidgets.appex */,
			);
			name = Products;
			sourceTree = "<group>";
		};
		239B1926381528C394A1322D /* Locked X Orbit */ = {
			isa = PBXGroup;
			children = (
				602D42A6FAD89550F398CA67 /* Bridge */,
			);
			path = "Locked X Orbit";
			sourceTree = "<group>";
		};
		365B4019561EF0DEEA87283E /* LockedTests */ = {
			isa = PBXGroup;
			children = (
				963D776EF27C4AC00CA83D82 /* AppStateTests.swift */,
				726BBBEE8C16C627B8507C58 /* ModelTests.swift */,
				867CEB8A2606C8FD0B2FD0EB /* OrbitBridgeTests.swift */,
				B7968F8C126B3A8999F13E0C /* PushHandlingTests.swift */,
			);
			path = LockedTests;
			sourceTree = "<group>";
		};
		446A163390C71112E5937F83 /* aaryanpanchal */ = {
			isa = PBXGroup;
			children = (
				239B1926381528C394A1322D /* Locked X Orbit */,
			);
			name = aaryanpanchal;
			path = ../../..;
			sourceTree = "<group>";
		};
		602D42A6FAD89550F398CA67 /* Bridge */ = {
			isa = PBXGroup;
			children = (
				93459C34671E0E000958532E /* OrbitBridge.swift */,
			);
			path = Bridge;
			sourceTree = "<group>";
		};
		748EC28A32CB5957B78BE8DA /* Frameworks */ = {
			isa = PBXGroup;
			children = (
				8570A40C8E754E208DAA81EE /* ActivityKit.framework */,
				F4AC8FEF912182067798C4A0 /* DeviceActivity.framework */,
				60B8B5CFE75DC4C160478F13 /* FamilyControls.framework */,
				96A7298673CA7BC9F049A2C0 /* ManagedSettings.framework */,
				77F96E80ACEE7BF5D60E4F8F /* ManagedSettingsUI.framework */,
				2AC76F4F84DFB2735C36B05D /* SwiftUI.framework */,
				BBB49EF4436DC469D3587C7D /* WidgetKit.framework */,
			);
			name = Frameworks;
			sourceTree = "<group>";
		};
		85CBECC30C5A8A16ACC851A4 /* LockedShield */ = {
			isa = PBXGroup;
			children = (
				F2D4F8579F58F882A14270CE /* Info.plist */,
				062FBD5271BD168718354AFB /* LockedShield-Distribution.entitlements */,
				02D3BD716F3E72158F973087 /* LockedShield.entitlements */,
				FC0641EC4148F468F11100D8 /* ShieldConfigurationExtension.swift */,
			);
			path = LockedShield;
			sourceTree = "<group>";
		};
		957199114C79A9D17DA05933 /* LockedMonitor */ = {
			isa = PBXGroup;
			children = (
				D563C36762ECBB9F603C5532 /* DeviceActivityMonitorExtension.swift */,
				833E3454AA5B463E3CD3E093 /* Info.plist */,
				E51434D2C8A0373BC8C0D412 /* LockedMonitor-Distribution.entitlements */,
				62AC55F0CF9E283619599B56 /* LockedMonitor.entitlements */,
			);
			path = LockedMonitor;
			sourceTree = "<group>";
		};
		C03E06581DCD113C87BC5AF8 /* LockedWidgets */ = {
			isa = PBXGroup;
			children = (
				4537F4EFB6B4CAC41C26A1E9 /* Info.plist */,
				2DADCA45C52579D48297C3B3 /* LockedWidgetBundle.swift */,
				8E2BEC2B39F6A155210D0C6D /* LockedWidgets.entitlements */,
			);
			path = LockedWidgets;
			sourceTree = "<group>";
		};
		D8F2C27EA28E46FDD63E2010 /* Locked */ = {
			isa = PBXGroup;
			children = (
				DB72DCC3FD51C2F3173660A4 /* Views */,
				4A858FBA5D3CB32059055B88 /* Assets.xcassets */,
				16DF8609606754845750A0FD /* Blocking.swift */,
				76332E7F463EB739FC405F70 /* Haptics.swift */,
				A33B1E395A35E5E0FB177041 /* Info.plist */,
				23EF283C601DC5170713E632 /* LiveActivityController.swift */,
				F99753D260C7A63CE8731CFB /* Locked-Distribution.entitlements */,
				22D8DA6E9FD71063105C0855 /* Locked.entitlements */,
				F64E63C86A7C17001D806C40 /* LockedApp.swift */,
				81B668CE209498BEB508CB9C /* Models.swift */,
				1A2B4B20593024B88AAE7ADC /* Notifications.swift */,
				343742C139EE8DDD66D27C4C /* OrbitLink.swift */,
				603E51E4575AA09BE15F3216 /* PodService.swift */,
				1AF1AF95A5045B9460541F0C /* PrivacyInfo.xcprivacy */,
				3F7EADEDDB6BEDDF30BBB664 /* PushRegistrar.swift */,
				641B3344CC909360BC124EAE /* Store.swift */,
				451B5C21EA24C563A3721BBD /* Theme.swift */,
			);
			path = Locked;
			sourceTree = "<group>";
		};
		DB72DCC3FD51C2F3173660A4 /* Views */ = {
			isa = PBXGroup;
			children = (
				F54E1DF886E2636738DBA561 /* Components.swift */,
				ECB5C6CDBE854E1443BB1CA3 /* FeedView.swift */,
				48DCBC4EBD4494EB1F718BFE /* IncomingRequestView.swift */,
				25B5CAFCB2E204C57196448D /* LockedView.swift */,
				56921F87E88407E4749457EF /* OnboardingView.swift */,
				282418E01A087EDF909E8321 /* RootView.swift */,
				5464C95A261B9378324BAD28 /* SettingsView.swift */,
				01272228C0DD74D96ADEE296 /* StandingsView.swift */,
				6B35A99023DEBE37F2793C42 /* StartSessionView.swift */,
				E4BAA2B6CCF93F76ECB38D73 /* TodayView.swift */,
			);
			path = Views;
			sourceTree = "<group>";
		};
/* End PBXGroup section */

/* Begin PBXNativeTarget section */
		2152ACE164C62EF02457E093 /* LockedShield */ = {
			isa = PBXNativeTarget;
			buildConfigurationList = 1C45CE459547315BA035848D /* Build configuration list for PBXNativeTarget "LockedShield" */;
			buildPhases = (
				45E3954B6A6E7DF969912C60 /* Sources */,
				9C4E457685D03EFBA369CB47 /* Frameworks */,
			);
			buildRules = (
			);
			dependencies = (
			);
			name = LockedShield;
			packageProductDependencies = (
			);
			productName = LockedShield;
			productReference = 4F4C2BDEF28E405B1D30029E /* LockedShield.appex */;
			productType = "com.apple.product-type.app-extension";
		};
		6358250DAB04E3EFFE647BF6 /* LockedWidgets */ = {
			isa = PBXNativeTarget;
			buildConfigurationList = A74FF3E76DC73AD9D46C07A9 /* Build configuration list for PBXNativeTarget "LockedWidgets" */;
			buildPhases = (
				62195FDEB3CA82DA9CAA55D1 /* Sources */,
				87ADF7014207FF8AC7C7E9EA /* Frameworks */,
			);
			buildRules = (
			);
			dependencies = (
			);
			name = LockedWidgets;
			packageProductDependencies = (
			);
			productName = LockedWidgets;
			productReference = DDF3D2EAE99270B379F55C2C /* LockedWidgets.appex */;
			productType = "com.apple.product-type.app-extension";
		};
		A12144FF56161A806ABAF676 /* Locked */ = {
			isa = PBXNativeTarget;
			buildConfigurationList = 4A884C15BA4D241FBA6E0DBC /* Build configuration list for PBXNativeTarget "Locked" */;
			buildPhases = (
				E4FE6BBA6A58E19FB0B23783 /* Sources */,
				1B87CCEDAF2C7AB6B6F9D46A /* Resources */,
				C40BE700FFBD82EBA367696F /* Frameworks */,
				063DCF0AA7CF9048A4D09827 /* Embed Foundation Extensions */,
			);
			buildRules = (
			);
			dependencies = (
				708C2E4BB80AE95E35B3D02E /* PBXTargetDependency */,
				CF3F4F6FBAEDCC32A939E3FB /* PBXTargetDependency */,
				33CD320D78E78C69A6C1ADD3 /* PBXTargetDependency */,
			);
			name = Locked;
			packageProductDependencies = (
			);
			productName = Locked;
			productReference = E47C3A458D44F4C1E33E93A6 /* Locked.app */;
			productType = "com.apple.product-type.application";
		};
		B7BC8221B373D31C474A8696 /* LockedTests */ = {
			isa = PBXNativeTarget;
			buildConfigurationList = C7C996F4641BA1E67DAEE54B /* Build configuration list for PBXNativeTarget "LockedTests" */;
			buildPhases = (
				D4B334C1DD77187692CF311A /* Sources */,
			);
			buildRules = (
			);
			dependencies = (
				DF5C2F2CB99118B7D946C31E /* PBXTargetDependency */,
			);
			name = LockedTests;
			packageProductDependencies = (
			);
			productName = LockedTests;
			productReference = 2E957AD131F0F4EE94BD52A3 /* LockedTests.xctest */;
			productType = "com.apple.product-type.bundle.unit-test";
		};
		F9D0352DFE92431EE59436CC /* LockedMonitor */ = {
			isa = PBXNativeTarget;
			buildConfigurationList = 1E8D9C63A0AD404334A8253A /* Build configuration list for PBXNativeTarget "LockedMonitor" */;
			buildPhases = (
				081936C8539950FF5393E0C2 /* Sources */,
				189EEC6F1BF542AEB202B01F /* Frameworks */,
			);
			buildRules = (
			);
			dependencies = (
			);
			name = LockedMonitor;
			packageProductDependencies = (
			);
			productName = LockedMonitor;
			productReference = CB52E8A1A837955A4A7D8DFE /* LockedMonitor.appex */;
			productType = "com.apple.product-type.app-extension";
		};
/* End PBXNativeTarget section */

/* Begin PBXProject section */
		68A5F27B8CFBFEFF83E4411C /* Project object */ = {
			isa = PBXProject;
			attributes = {
				BuildIndependentTargetsInParallel = YES;
				LastUpgradeCheck = 1430;
				TargetAttributes = {
					2152ACE164C62EF02457E093 = {
						DevelopmentTeam = 2MUHC6TNGW;
						ProvisioningStyle = Automatic;
					};
					6358250DAB04E3EFFE647BF6 = {
						DevelopmentTeam = 2MUHC6TNGW;
						ProvisioningStyle = Automatic;
					};
					A12144FF56161A806ABAF676 = {
						DevelopmentTeam = 2MUHC6TNGW;
						ProvisioningStyle = Automatic;
					};
					B7BC8221B373D31C474A8696 = {
						DevelopmentTeam = 2MUHC6TNGW;
						ProvisioningStyle = Automatic;
					};
					F9D0352DFE92431EE59436CC = {
						DevelopmentTeam = 2MUHC6TNGW;
						ProvisioningStyle = Automatic;
					};
				};
			};
			buildConfigurationList = 6B9D7B6337EB2C647248060E /* Build configuration list for PBXProject "Locked" */;
			developmentRegion = en;
			hasScannedForEncodings = 0;
			knownRegions = (
				Base,
				en,
			);
			mainGroup = 098D9EF7D2DF300727E3FC5B;
			minimizedProjectReferenceProxies = 1;
			preferredProjectObjectVersion = 77;
			productRefGroup = 1EA8661B8DFCFD2A9BD71D8F /* Products */;
			projectDirPath = "";
			projectRoot = "";
			targets = (
				A12144FF56161A806ABAF676 /* Locked */,
				B7BC8221B373D31C474A8696 /* LockedTests */,
				6358250DAB04E3EFFE647BF6 /* LockedWidgets */,
				F9D0352DFE92431EE59436CC /* LockedMonitor */,
				2152ACE164C62EF02457E093 /* LockedShield */,
			);
		};
/* End PBXProject section */

/* Begin PBXResourcesBuildPhase section */
		1B87CCEDAF2C7AB6B6F9D46A /* Resources */ = {
			isa = PBXResourcesBuildPhase;
			buildActionMask = 2147483647;
			files = (
				5578338933D8E6D5E07B21EE /* Assets.xcassets in Resources */,
				5FD874548767A6562513F662 /* PrivacyInfo.xcprivacy in Resources */,
			);
			runOnlyForDeploymentPostprocessing = 0;
		};
/* End PBXResourcesBuildPhase section */

/* Begin PBXSourcesBuildPhase section */
		081936C8539950FF5393E0C2 /* Sources */ = {
			isa = PBXSourcesBuildPhase;
			buildActionMask = 2147483647;
			files = (
				73AC1AB88D3950AF106AC66A /* DeviceActivityMonitorExtension.swift in Sources */,
				F676E9963B9FC0CBD8EFF1EF /* LockedShared.swift in Sources */,
				1DC6A7FA33E093AF5429FB46 /* Palette.swift in Sources */,
			);
			runOnlyForDeploymentPostprocessing = 0;
		};
		45E3954B6A6E7DF969912C60 /* Sources */ = {
			isa = PBXSourcesBuildPhase;
			buildActionMask = 2147483647;
			files = (
				6B3FAD12D50374355457430F /* LockedShared.swift in Sources */,
				A5246081291207C9C48406D8 /* Palette.swift in Sources */,
				9868929957FA28B6169276F5 /* ShieldConfigurationExtension.swift in Sources */,
			);
			runOnlyForDeploymentPostprocessing = 0;
		};
		62195FDEB3CA82DA9CAA55D1 /* Sources */ = {
			isa = PBXSourcesBuildPhase;
			buildActionMask = 2147483647;
			files = (
				400B231C4F3E870C520AD05E /* LockedActivity.swift in Sources */,
				F5CD6D0C368C46A16BD6DBE5 /* LockedShared.swift in Sources */,
				66A84A1FE11A273EEAA4B775 /* LockedWidgetBundle.swift in Sources */,
				9E13FB58C3351A0C895CA04A /* Palette.swift in Sources */,
			);
			runOnlyForDeploymentPostprocessing = 0;
		};
		D4B334C1DD77187692CF311A /* Sources */ = {
			isa = PBXSourcesBuildPhase;
			buildActionMask = 2147483647;
			files = (
				EAEB0C2C9773C3227DCA6B15 /* AppStateTests.swift in Sources */,
				5D27D87565EC43E0964FB1DA /* ModelTests.swift in Sources */,
				5379EC29FDB4F7BCFDBF95DA /* OrbitBridgeTests.swift in Sources */,
				DAEBC00C6C9AAE8C9ED8490E /* PushHandlingTests.swift in Sources */,
			);
			runOnlyForDeploymentPostprocessing = 0;
		};
		E4FE6BBA6A58E19FB0B23783 /* Sources */ = {
			isa = PBXSourcesBuildPhase;
			buildActionMask = 2147483647;
			files = (
				796B8A5B946A3948AE8C9C07 /* Blocking.swift in Sources */,
				229AA615F637FF1533D8C702 /* Components.swift in Sources */,
				561E79961CCBB8901E3A3ACA /* FeedView.swift in Sources */,
				B4D229719E8942731549DAEC /* Haptics.swift in Sources */,
				C4E858BAED431244785943F9 /* IncomingRequestView.swift in Sources */,
				F2FFBB4D18419D97E201746A /* LiveActivityController.swift in Sources */,
				78AF86E7452A7D76F4F740C3 /* LockedActivity.swift in Sources */,
				91FE6AC768F88A80CB99BC84 /* LockedApp.swift in Sources */,
				8D6A781E64B50D663A0DC180 /* LockedShared.swift in Sources */,
				5883BB85FE97BD9E0A919474 /* LockedView.swift in Sources */,
				C1EA6864D8B6BDC0A263B22B /* Models.swift in Sources */,
				CBF3AEE69631ACB9A2151FDB /* Notifications.swift in Sources */,
				F5918440537DF8D3520F91B9 /* OnboardingView.swift in Sources */,
				30CB99345D93474C824F2276 /* OrbitBridge.swift in Sources */,
				A5415324AEC0D33F65A26FBD /* OrbitLink.swift in Sources */,
				8DADC3193CE9613815F910B9 /* Palette.swift in Sources */,
				74FB05232D6464951DCF079D /* PodService.swift in Sources */,
				7EE102DB91128A8539E4EF0A /* PushRegistrar.swift in Sources */,
				56B1E99AAB42483E40BEE4C0 /* RootView.swift in Sources */,
				220B4DD104081A41902A4345 /* SettingsView.swift in Sources */,
				78CCD4561B541235A7AF24A2 /* StandingsView.swift in Sources */,
				1933A2FEFD601646C43C150D /* StartSessionView.swift in Sources */,
				0446BDC408A13B0B8292518B /* Store.swift in Sources */,
				60214513759AC30CE68069DA /* Theme.swift in Sources */,
				58E07B408C3D043CB45BD180 /* TodayView.swift in Sources */,
			);
			runOnlyForDeploymentPostprocessing = 0;
		};
/* End PBXSourcesBuildPhase section */

/* Begin PBXTargetDependency section */
		33CD320D78E78C69A6C1ADD3 /* PBXTargetDependency */ = {
			isa = PBXTargetDependency;
			target = 2152ACE164C62EF02457E093 /* LockedShield */;
			targetProxy = 93113D7E0320AC6A2B53AA9F /* PBXContainerItemProxy */;
		};
		708C2E4BB80AE95E35B3D02E /* PBXTargetDependency */ = {
			isa = PBXTargetDependency;
			target = 6358250DAB04E3EFFE647BF6 /* LockedWidgets */;
			targetProxy = CFBDF749DC845C007C1D6212 /* PBXContainerItemProxy */;
		};
		CF3F4F6FBAEDCC32A939E3FB /* PBXTargetDependency */ = {
			isa = PBXTargetDependency;
			target = F9D0352DFE92431EE59436CC /* LockedMonitor */;
			targetProxy = FC312446A9A9DBADFCF9C2F4 /* PBXContainerItemProxy */;
		};
		DF5C2F2CB99118B7D946C31E /* PBXTargetDependency */ = {
			isa = PBXTargetDependency;
			target = A12144FF56161A806ABAF676 /* Locked */;
			targetProxy = 0F5ABC8514299C16673C61AC /* PBXContainerItemProxy */;
		};
/* End PBXTargetDependency section */

/* Begin XCBuildConfiguration section */
		0B80D8E53F3E4388C8B096F4 /* Release */ = {
			isa = XCBuildConfiguration;
			buildSettings = {
				ASSETCATALOG_COMPILER_APPICON_NAME = AppIcon;
				ASSETCATALOG_COMPILER_GLOBAL_ACCENT_COLOR_NAME = AccentColor;
				CODE_SIGN_ENTITLEMENTS = "Locked/Locked-Distribution.entitlements";
				CODE_SIGN_IDENTITY = "iPhone Developer";
				INFOPLIST_FILE = Locked/Info.plist;
				LD_RUNPATH_SEARCH_PATHS = (
					"$(inherited)",
					"@executable_path/Frameworks",
				);
				PRODUCT_BUNDLE_IDENTIFIER = com.aaryanpanchal.locked;
				PRODUCT_NAME = Locked;
				SDKROOT = iphoneos;
				TARGETED_DEVICE_FAMILY = 1;
			};
			name = Release;
		};
		2698DF0BDF51327AD8AA722F /* Debug */ = {
			isa = XCBuildConfiguration;
			buildSettings = {
				CODE_SIGN_ENTITLEMENTS = LockedMonitor/LockedMonitor.entitlements;
				INFOPLIST_FILE = LockedMonitor/Info.plist;
				LD_RUNPATH_SEARCH_PATHS = (
					"$(inherited)",
					"@executable_path/Frameworks",
					"@executable_path/../../Frameworks",
				);
				PRODUCT_BUNDLE_IDENTIFIER = com.aaryanpanchal.locked.monitor;
				PRODUCT_NAME = LockedMonitor;
				SDKROOT = iphoneos;
				SKIP_INSTALL = YES;
				TARGETED_DEVICE_FAMILY = "1,2";
			};
			name = Debug;
		};
		2DF568D673B61BBE95C84472 /* Debug */ = {
			isa = XCBuildConfiguration;
			buildSettings = {
				CODE_SIGN_ENTITLEMENTS = LockedWidgets/LockedWidgets.entitlements;
				INFOPLIST_FILE = LockedWidgets/Info.plist;
				LD_RUNPATH_SEARCH_PATHS = (
					"$(inherited)",
					"@executable_path/Frameworks",
					"@executable_path/../../Frameworks",
				);
				PRODUCT_BUNDLE_IDENTIFIER = com.aaryanpanchal.locked.widgets;
				PRODUCT_NAME = LockedWidgets;
				SDKROOT = iphoneos;
				SKIP_INSTALL = YES;
				TARGETED_DEVICE_FAMILY = "1,2";
			};
			name = Debug;
		};
		36E1DF2BA1B2E93E1A42C85C /* Release */ = {
			isa = XCBuildConfiguration;
			buildSettings = {
				BUNDLE_LOADER = "$(TEST_HOST)";
				GENERATE_INFOPLIST_FILE = YES;
				LD_RUNPATH_SEARCH_PATHS = (
					"$(inherited)",
					"@executable_path/Frameworks",
					"@loader_path/Frameworks",
				);
				PRODUCT_BUNDLE_IDENTIFIER = com.aaryanpanchal.locked.tests;
				SDKROOT = iphoneos;
				TARGETED_DEVICE_FAMILY = "1,2";
				TEST_HOST = "$(BUILT_PRODUCTS_DIR)/Locked.app/Locked";
			};
			name = Release;
		};
		4A7D30767525BA6D97F0EA0E /* Debug */ = {
			isa = XCBuildConfiguration;
			buildSettings = {
				CODE_SIGN_ENTITLEMENTS = LockedShield/LockedShield.entitlements;
				INFOPLIST_FILE = LockedShield/Info.plist;
				LD_RUNPATH_SEARCH_PATHS = (
					"$(inherited)",
					"@executable_path/Frameworks",
					"@executable_path/../../Frameworks",
				);
				PRODUCT_BUNDLE_IDENTIFIER = com.aaryanpanchal.locked.shield;
				PRODUCT_NAME = LockedShield;
				SDKROOT = iphoneos;
				SKIP_INSTALL = YES;
				TARGETED_DEVICE_FAMILY = "1,2";
			};
			name = Debug;
		};
		62F40E9BACAAD4AFC0CEC1A4 /* Debug */ = {
			isa = XCBuildConfiguration;
			buildSettings = {
				ASSETCATALOG_COMPILER_APPICON_NAME = AppIcon;
				ASSETCATALOG_COMPILER_GLOBAL_ACCENT_COLOR_NAME = AccentColor;
				CODE_SIGN_ENTITLEMENTS = Locked/Locked.entitlements;
				CODE_SIGN_IDENTITY = "iPhone Developer";
				INFOPLIST_FILE = Locked/Info.plist;
				LD_RUNPATH_SEARCH_PATHS = (
					"$(inherited)",
					"@executable_path/Frameworks",
				);
				PRODUCT_BUNDLE_IDENTIFIER = com.aaryanpanchal.locked;
				PRODUCT_NAME = Locked;
				SDKROOT = iphoneos;
				TARGETED_DEVICE_FAMILY = 1;
			};
			name = Debug;
		};
		6EEB0DCE9B73AE98349570D7 /* Release */ = {
			isa = XCBuildConfiguration;
			buildSettings = {
				ALWAYS_SEARCH_USER_PATHS = NO;
				CLANG_ANALYZER_NONNULL = YES;
				CLANG_ANALYZER_NUMBER_OBJECT_CONVERSION = YES_AGGRESSIVE;
				CLANG_CXX_LANGUAGE_STANDARD = "gnu++14";
				CLANG_CXX_LIBRARY = "libc++";
				CLANG_ENABLE_MODULES = YES;
				CLANG_ENABLE_OBJC_ARC = YES;
				CLANG_ENABLE_OBJC_WEAK = YES;
				CLANG_WARN_BLOCK_CAPTURE_AUTORELEASING = YES;
				CLANG_WARN_BOOL_CONVERSION = YES;
				CLANG_WARN_COMMA = YES;
				CLANG_WARN_CONSTANT_CONVERSION = YES;
				CLANG_WARN_DEPRECATED_OBJC_IMPLEMENTATIONS = YES;
				CLANG_WARN_DIRECT_OBJC_ISA_USAGE = YES_ERROR;
				CLANG_WARN_DOCUMENTATION_COMMENTS = YES;
				CLANG_WARN_EMPTY_BODY = YES;
				CLANG_WARN_ENUM_CONVERSION = YES;
				CLANG_WARN_INFINITE_RECURSION = YES;
				CLANG_WARN_INT_CONVERSION = YES;
				CLANG_WARN_NON_LITERAL_NULL_CONVERSION = YES;
				CLANG_WARN_OBJC_IMPLICIT_RETAIN_SELF = YES;
				CLANG_WARN_OBJC_LITERAL_CONVERSION = YES;
				CLANG_WARN_OBJC_ROOT_CLASS = YES_ERROR;
				CLANG_WARN_QUOTED_INCLUDE_IN_FRAMEWORK_HEADER = YES;
				CLANG_WARN_RANGE_LOOP_ANALYSIS = YES;
				CLANG_WARN_STRICT_PROTOTYPES = YES;
				CLANG_WARN_SUSPICIOUS_MOVE = YES;
				CLANG_WARN_UNGUARDED_AVAILABILITY = YES_AGGRESSIVE;
				CLANG_WARN_UNREACHABLE_CODE = YES;
				CLANG_WARN__DUPLICATE_METHOD_MATCH = YES;
				CODE_SIGN_STYLE = Automatic;
				COPY_PHASE_STRIP = NO;
				CURRENT_PROJECT_VERSION = 1;
				DEBUG_INFORMATION_FORMAT = "dwarf-with-dsym";
				DEVELOPMENT_TEAM = 2MUHC6TNGW;
				ENABLE_NS_ASSERTIONS = NO;
				ENABLE_STRICT_OBJC_MSGSEND = YES;
				ENABLE_USER_SCRIPT_SANDBOXING = YES;
				GCC_C_LANGUAGE_STANDARD = gnu11;
				GCC_NO_COMMON_BLOCKS = YES;
				GCC_WARN_64_TO_32_BIT_CONVERSION = YES;
				GCC_WARN_ABOUT_RETURN_TYPE = YES_ERROR;
				GCC_WARN_UNDECLARED_SELECTOR = YES;
				GCC_WARN_UNINITIALIZED_AUTOS = YES_AGGRESSIVE;
				GCC_WARN_UNUSED_FUNCTION = YES;
				GCC_WARN_UNUSED_VARIABLE = YES;
				IPHONEOS_DEPLOYMENT_TARGET = 17.0;
				MARKETING_VERSION = 1.0;
				MTL_ENABLE_DEBUG_INFO = NO;
				MTL_FAST_MATH = YES;
				PRODUCT_NAME = "$(TARGET_NAME)";
				SDKROOT = iphoneos;
				SWIFT_COMPILATION_MODE = wholemodule;
				SWIFT_EMIT_LOC_STRINGS = YES;
				SWIFT_OPTIMIZATION_LEVEL = "-O";
				SWIFT_STRICT_CONCURRENCY = minimal;
				SWIFT_VERSION = 5.0;
				TARGETED_DEVICE_FAMILY = 1;
			};
			name = Release;
		};
		700B7CF9BEDBF264DECBE0BC /* Debug */ = {
			isa = XCBuildConfiguration;
			buildSettings = {
				ALWAYS_SEARCH_USER_PATHS = NO;
				CLANG_ANALYZER_NONNULL = YES;
				CLANG_ANALYZER_NUMBER_OBJECT_CONVERSION = YES_AGGRESSIVE;
				CLANG_CXX_LANGUAGE_STANDARD = "gnu++14";
				CLANG_CXX_LIBRARY = "libc++";
				CLANG_ENABLE_MODULES = YES;
				CLANG_ENABLE_OBJC_ARC = YES;
				CLANG_ENABLE_OBJC_WEAK = YES;
				CLANG_WARN_BLOCK_CAPTURE_AUTORELEASING = YES;
				CLANG_WARN_BOOL_CONVERSION = YES;
				CLANG_WARN_COMMA = YES;
				CLANG_WARN_CONSTANT_CONVERSION = YES;
				CLANG_WARN_DEPRECATED_OBJC_IMPLEMENTATIONS = YES;
				CLANG_WARN_DIRECT_OBJC_ISA_USAGE = YES_ERROR;
				CLANG_WARN_DOCUMENTATION_COMMENTS = YES;
				CLANG_WARN_EMPTY_BODY = YES;
				CLANG_WARN_ENUM_CONVERSION = YES;
				CLANG_WARN_INFINITE_RECURSION = YES;
				CLANG_WARN_INT_CONVERSION = YES;
				CLANG_WARN_NON_LITERAL_NULL_CONVERSION = YES;
				CLANG_WARN_OBJC_IMPLICIT_RETAIN_SELF = YES;
				CLANG_WARN_OBJC_LITERAL_CONVERSION = YES;
				CLANG_WARN_OBJC_ROOT_CLASS = YES_ERROR;
				CLANG_WARN_QUOTED_INCLUDE_IN_FRAMEWORK_HEADER = YES;
				CLANG_WARN_RANGE_LOOP_ANALYSIS = YES;
				CLANG_WARN_STRICT_PROTOTYPES = YES;
				CLANG_WARN_SUSPICIOUS_MOVE = YES;
				CLANG_WARN_UNGUARDED_AVAILABILITY = YES_AGGRESSIVE;
				CLANG_WARN_UNREACHABLE_CODE = YES;
				CLANG_WARN__DUPLICATE_METHOD_MATCH = YES;
				CODE_SIGN_STYLE = Automatic;
				COPY_PHASE_STRIP = NO;
				CURRENT_PROJECT_VERSION = 1;
				DEBUG_INFORMATION_FORMAT = dwarf;
				DEVELOPMENT_TEAM = 2MUHC6TNGW;
				ENABLE_STRICT_OBJC_MSGSEND = YES;
				ENABLE_TESTABILITY = YES;
				ENABLE_USER_SCRIPT_SANDBOXING = YES;
				GCC_C_LANGUAGE_STANDARD = gnu11;
				GCC_DYNAMIC_NO_PIC = NO;
				GCC_NO_COMMON_BLOCKS = YES;
				GCC_OPTIMIZATION_LEVEL = 0;
				GCC_PREPROCESSOR_DEFINITIONS = (
					"$(inherited)",
					"DEBUG=1",
				);
				GCC_WARN_64_TO_32_BIT_CONVERSION = YES;
				GCC_WARN_ABOUT_RETURN_TYPE = YES_ERROR;
				GCC_WARN_UNDECLARED_SELECTOR = YES;
				GCC_WARN_UNINITIALIZED_AUTOS = YES_AGGRESSIVE;
				GCC_WARN_UNUSED_FUNCTION = YES;
				GCC_WARN_UNUSED_VARIABLE = YES;
				IPHONEOS_DEPLOYMENT_TARGET = 17.0;
				MARKETING_VERSION = 1.0;
				MTL_ENABLE_DEBUG_INFO = INCLUDE_SOURCE;
				MTL_FAST_MATH = YES;
				ONLY_ACTIVE_ARCH = YES;
				PRODUCT_NAME = "$(TARGET_NAME)";
				SDKROOT = iphoneos;
				SWIFT_ACTIVE_COMPILATION_CONDITIONS = DEBUG;
				SWIFT_EMIT_LOC_STRINGS = YES;
				SWIFT_OPTIMIZATION_LEVEL = "-Onone";
				SWIFT_STRICT_CONCURRENCY = minimal;
				SWIFT_VERSION = 5.0;
				TARGETED_DEVICE_FAMILY = 1;
			};
			name = Debug;
		};
		8C3BC94D82007D594D140056 /* Debug */ = {
			isa = XCBuildConfiguration;
			buildSettings = {
				BUNDLE_LOADER = "$(TEST_HOST)";
				GENERATE_INFOPLIST_FILE = YES;
				LD_RUNPATH_SEARCH_PATHS = (
					"$(inherited)",
					"@executable_path/Frameworks",
					"@loader_path/Frameworks",
				);
				PRODUCT_BUNDLE_IDENTIFIER = com.aaryanpanchal.locked.tests;
				SDKROOT = iphoneos;
				TARGETED_DEVICE_FAMILY = "1,2";
				TEST_HOST = "$(BUILT_PRODUCTS_DIR)/Locked.app/Locked";
			};
			name = Debug;
		};
		A739BCD1A28A86B78BD305AC /* Release */ = {
			isa = XCBuildConfiguration;
			buildSettings = {
				CODE_SIGN_ENTITLEMENTS = "LockedMonitor/LockedMonitor-Distribution.entitlements";
				INFOPLIST_FILE = LockedMonitor/Info.plist;
				LD_RUNPATH_SEARCH_PATHS = (
					"$(inherited)",
					"@executable_path/Frameworks",
					"@executable_path/../../Frameworks",
				);
				PRODUCT_BUNDLE_IDENTIFIER = com.aaryanpanchal.locked.monitor;
				PRODUCT_NAME = LockedMonitor;
				SDKROOT = iphoneos;
				SKIP_INSTALL = YES;
				TARGETED_DEVICE_FAMILY = "1,2";
			};
			name = Release;
		};
		F1B4CA6F22EDD9CF4EEC2D34 /* Release */ = {
			isa = XCBuildConfiguration;
			buildSettings = {
				CODE_SIGN_ENTITLEMENTS = "LockedShield/LockedShield-Distribution.entitlements";
				INFOPLIST_FILE = LockedShield/Info.plist;
				LD_RUNPATH_SEARCH_PATHS = (
					"$(inherited)",
					"@executable_path/Frameworks",
					"@executable_path/../../Frameworks",
				);
				PRODUCT_BUNDLE_IDENTIFIER = com.aaryanpanchal.locked.shield;
				PRODUCT_NAME = LockedShield;
				SDKROOT = iphoneos;
				SKIP_INSTALL = YES;
				TARGETED_DEVICE_FAMILY = "1,2";
			};
			name = Release;
		};
		F1D8934F84FB2F0EE0BEFDE1 /* Release */ = {
			isa = XCBuildConfiguration;
			buildSettings = {
				CODE_SIGN_ENTITLEMENTS = LockedWidgets/LockedWidgets.entitlements;
				INFOPLIST_FILE = LockedWidgets/Info.plist;
				LD_RUNPATH_SEARCH_PATHS = (
					"$(inherited)",
					"@executable_path/Frameworks",
					"@executable_path/../../Frameworks",
				);
				PRODUCT_BUNDLE_IDENTIFIER = com.aaryanpanchal.locked.widgets;
				PRODUCT_NAME = LockedWidgets;
				SDKROOT = iphoneos;
				SKIP_INSTALL = YES;
				TARGETED_DEVICE_FAMILY = "1,2";
			};
			name = Release;
		};
/* End XCBuildConfiguration section */

/* Begin XCConfigurationList section */
		1C45CE459547315BA035848D /* Build configuration list for PBXNativeTarget "LockedShield" */ = {
			isa = XCConfigurationList;
			buildConfigurations = (
				4A7D30767525BA6D97F0EA0E /* Debug */,
				F1B4CA6F22EDD9CF4EEC2D34 /* Release */,
			);
			defaultConfigurationIsVisible = 0;
			defaultConfigurationName = Debug;
		};
		1E8D9C63A0AD404334A8253A /* Build configuration list for PBXNativeTarget "LockedMonitor" */ = {
			isa = XCConfigurationList;
			buildConfigurations = (
				2698DF0BDF51327AD8AA722F /* Debug */,
				A739BCD1A28A86B78BD305AC /* Release */,
			);
			defaultConfigurationIsVisible = 0;
			defaultConfigurationName = Debug;
		};
		4A884C15BA4D241FBA6E0DBC /* Build configuration list for PBXNativeTarget "Locked" */ = {
			isa = XCConfigurationList;
			buildConfigurations = (
				62F40E9BACAAD4AFC0CEC1A4 /* Debug */,
				0B80D8E53F3E4388C8B096F4 /* Release */,
			);
			defaultConfigurationIsVisible = 0;
			defaultConfigurationName = Debug;
		};
		6B9D7B6337EB2C647248060E /* Build configuration list for PBXProject "Locked" */ = {
			isa = XCConfigurationList;
			buildConfigurations = (
				700B7CF9BEDBF264DECBE0BC /* Debug */,
				6EEB0DCE9B73AE98349570D7 /* Release */,
			);
			defaultConfigurationIsVisible = 0;
			defaultConfigurationName = Debug;
		};
		A74FF3E76DC73AD9D46C07A9 /* Build configuration list for PBXNativeTarget "LockedWidgets" */ = {
			isa = XCConfigurationList;
			buildConfigurations = (
				2DF568D673B61BBE95C84472 /* Debug */,
				F1D8934F84FB2F0EE0BEFDE1 /* Release */,
			);
			defaultConfigurationIsVisible = 0;
			defaultConfigurationName = Debug;
		};
		C7C996F4641BA1E67DAEE54B /* Build configuration list for PBXNativeTarget "LockedTests" */ = {
			isa = XCConfigurationList;
			buildConfigurations = (
				8C3BC94D82007D594D140056 /* Debug */,
				36E1DF2BA1B2E93E1A42C85C /* Release */,
			);
			defaultConfigurationIsVisible = 0;
			defaultConfigurationName = Debug;
		};
/* End XCConfigurationList section */
	};
	rootObject = 68A5F27B8CFBFEFF83E4411C /* Project object */;
}
